
Microsoft Visual Studio Solution File, Format Version 12.00
# Visual Studio Version 17
VisualStudioVersion = 17.14.36401.2
MinimumVisualStudioVersion = 10.0.40219.1
Project("{FAE04EC0-301F-11D3-BF4B-00C04F79EFBC}") = "Gorilla Mod Manager", "Gorilla Mod Manager\Gorilla Mod Manager.csproj", "{333B8A79-C0CB-4477-8E46-D685D7E598BE}"
EndProject
Global
	GlobalSection(SolutionConfigurationPlatforms) = preSolution
		Debug|Any CPU = Debug|Any CPU
		Debug|x64 = Debug|x64
		Release|Any CPU = Release|Any CPU
		Release|x64 = Release|x64
	EndGlobalSection
	GlobalSection(ProjectConfigurationPlatforms) = postSolution
		{333B8A79-C0CB-4477-8E46-D685D7E598BE}.Debug|Any CPU.ActiveCfg = Debug|Any CPU
		{333B8A79-C0CB-4477-8E46-D685D7E598BE}.Debug|Any CPU.Build.0 = Debug|Any CPU
		{333B8A79-C0CB-4477-8E46-D685D7E598BE}.Debug|x64.ActiveCfg = Debug|x64
		{333B8A79-C0CB-4477-8E46-D685D7E598BE}.Debug|x64.Build.0 = Debug|x64
		{333B8A79-C0CB-4477-8E46-D685D7E598BE}.Release|Any CPU.ActiveCfg = Release|Any CPU
		{333B8A79-C0CB-4477-8E46-D685D7E598BE}.Release|Any CPU.Build.0 = Release|Any CPU
		{333B8A79-C0CB-4477-8E46-D685D7E598BE}.Release|x64.ActiveCfg = Release|x64
		{333B8A79-C0CB-4477-8E46-D685D7E598BE}.Release|x64.Build.0 = Release|x64
	EndGlobalSection
	GlobalSection(SolutionProperties) = preSolution
		HideSolutionNode = FALSE
	EndGlobalSection
	GlobalSection(ExtensibilityGlobals) = postSolution
		SolutionGuid = {F7A18DAB-4C8A-41CA-907F-9C857A48288C}
	EndGlobalSection
EndGlobal
